// !$*UTF8*$!
{
	archiveVersion = 1;
	classes = {
	};
	objectVersion = 48;
	objects = {

/* Begin PBXBuildFile section */
		134FD0A41FA1B9900006EE5F /* GuomiInterface.c in Sources */ = {isa = PBXBuildFile; fileRef = 134FD0A21FA1B9900006EE5F /* GuomiInterface.c */; settings = {COMPILER_FLAGS = "-w"; }; };
		134FD0A61FA2A6D20006EE5F /* SM2ViewController.swift in Sources */ = {isa = PBXBuildFile; fileRef = 134FD0A51FA2A6D20006EE5F /* SM2ViewController.swift */; };
		134FD0A81FA2FD310006EE5F /* CString.swift in Sources */ = {isa = PBXBuildFile; fileRef = 134FD0A71FA2FD310006EE5F /* CString.swift */; };
		134FD0C91FA3247C0006EE5F /* sm4test.c in Sources */ = {isa = PBXBuildFile; fileRef = 134FD0C51FA3247B0006EE5F /* sm4test.c */; settings = {COMPILER_FLAGS = "-w"; }; };
		134FD0CB1FA3247C0006EE5F /* sm4.c in Sources */ = {isa = PBXBuildFile; fileRef = 134FD0C81FA3247C0006EE5F /* sm4.c */; settings = {COMPILER_FLAGS = "-w"; }; };
		135AB32C1FA1558900647374 /* AppDelegate.swift in Sources */ = {isa = PBXBuildFile; fileRef = 135AB32B1FA1558900647374 /* AppDelegate.swift */; };
		135AB32E1FA1558900647374 /* SM3ViewController.swift in Sources */ = {isa = PBXBuildFile; fileRef = 135AB32D1FA1558900647374 /* SM3ViewController.swift */; };
		135AB3311FA1558900647374 /* Main.storyboard in Resources */ = {isa = PBXBuildFile; fileRef = 135AB32F1FA1558900647374 /* Main.storyboard */; };
		135AB3331FA1558900647374 /* Assets.xcassets in Resources */ = {isa = PBXBuildFile; fileRef = 135AB3321FA1558900647374 /* Assets.xcassets */; };
		135AB3361FA1558900647374 /* LaunchScreen.storyboard in Resources */ = {isa = PBXBuildFile; fileRef = 135AB3341FA1558900647374 /* LaunchScreen.storyboard */; };
		135AB3431FA1562400647374 /* libssl.a in Frameworks */ = {isa = PBXBuildFile; fileRef = 135AB3411FA1562400647374 /* libssl.a */; };
		135AB3441FA1562400647374 /* libcrypto.a in Frameworks */ = {isa = PBXBuildFile; fileRef = 135AB3421FA1562400647374 /* libcrypto.a */; };
		13719E521FA18232001A4381 /* part3.c in Sources */ = {isa = PBXBuildFile; fileRef = 13719E3D1FA1822E001A4381 /* part3.c */; settings = {COMPILER_FLAGS = "-w"; }; };
		13719E531FA18232001A4381 /* util.c in Sources */ = {isa = PBXBuildFile; fileRef = 13719E3F1FA1822E001A4381 /* util.c */; settings = {COMPILER_FLAGS = "-w"; }; };
		13719E541FA18232001A4381 /* part1.c in Sources */ = {isa = PBXBuildFile; fileRef = 13719E401FA1822E001A4381 /* part1.c */; settings = {COMPILER_FLAGS = "-w"; }; };
		13719E551FA18232001A4381 /* part2.c in Sources */ = {isa = PBXBuildFile; fileRef = 13719E421FA1822E001A4381 /* part2.c */; settings = {COMPILER_FLAGS = "-w"; }; };
		13719E561FA18232001A4381 /* sm3.c in Sources */ = {isa = PBXBuildFile; fileRef = 13719E481FA18230001A4381 /* sm3.c */; settings = {COMPILER_FLAGS = "-w"; }; };
		13719E571FA18232001A4381 /* sm2_ec_key.c in Sources */ = {isa = PBXBuildFile; fileRef = 13719E491FA18230001A4381 /* sm2_ec_key.c */; settings = {COMPILER_FLAGS = "-w"; }; };
		13719E581FA18232001A4381 /* sm2.c in Sources */ = {isa = PBXBuildFile; fileRef = 13719E4A1FA18230001A4381 /* sm2.c */; settings = {COMPILER_FLAGS = "-w"; }; };
		13719E591FA18232001A4381 /* part4.c in Sources */ = {isa = PBXBuildFile; fileRef = 13719E4B1FA18230001A4381 /* part4.c */; settings = {COMPILER_FLAGS = "-w"; }; };
		13719E5A1FA18232001A4381 /* ec_param.c in Sources */ = {isa = PBXBuildFile; fileRef = 13719E4D1FA18231001A4381 /* ec_param.c */; settings = {COMPILER_FLAGS = "-w"; }; };
		13719E5B1FA18232001A4381 /* sm2_test_param.c in Sources */ = {isa = PBXBuildFile; fileRef = 13719E4E1FA18231001A4381 /* sm2_test_param.c */; settings = {COMPILER_FLAGS = "-w"; }; };
		13719E5C1FA18232001A4381 /* xy_ecpoint.c in Sources */ = {isa = PBXBuildFile; fileRef = 13719E511FA18231001A4381 /* xy_ecpoint.c */; settings = {COMPILER_FLAGS = "-w"; }; };
		13B59F061FA392FE00DCCD9C /* SM4ViewController.swift in Sources */ = {isa = PBXBuildFile; fileRef = 13B59F051FA392FE00DCCD9C /* SM4ViewController.swift */; };
		13B59F081FA393F600DCCD9C /* CharacterConversionToolViewController.swift in Sources */ = {isa = PBXBuildFile; fileRef = 13B59F071FA393F600DCCD9C /* CharacterConversionToolViewController.swift */; };
		13B59F0A1FA4AF6000DCCD9C /* SMMenuViewController.swift in Sources */ = {isa = PBXBuildFile; fileRef = 13B59F091FA4AF6000DCCD9C /* SMMenuViewController.swift */; };
/* End PBXBuildFile section */

/* Begin PBXFileReference section */
		134FD0A21FA1B9900006EE5F /* GuomiInterface.c */ = {isa = PBXFileReference; lastKnownFileType = sourcecode.c.c; path = GuomiInterface.c; sourceTree = "<group>"; };
		134FD0A31FA1B9900006EE5F /* GuomiInterface.h */ = {isa = PBXFileReference; lastKnownFileType = sourcecode.c.h; path = GuomiInterface.h; sourceTree = "<group>"; };
		134FD0A51FA2A6D20006EE5F /* SM2ViewController.swift */ = {isa = PBXFileReference; lastKnownFileType = sourcecode.swift; path = SM2ViewController.swift; sourceTree = "<group>"; };
		134FD0A71FA2FD310006EE5F /* CString.swift */ = {isa = PBXFileReference; lastKnownFileType = sourcecode.swift; path = CString.swift; sourceTree = "<group>"; };
		134FD0C51FA3247B0006EE5F /* sm4test.c */ = {isa = PBXFileReference; fileEncoding = 4; lastKnownFileType = sourcecode.c.c; path = sm4test.c; sourceTree = "<group>"; };
		134FD0C71FA3247C0006EE5F /* sm4.h */ = {isa = PBXFileReference; fileEncoding = 4; lastKnownFileType = sourcecode.c.h; path = sm4.h; sourceTree = "<group>"; };
		134FD0C81FA3247C0006EE5F /* sm4.c */ = {isa = PBXFileReference; fileEncoding = 4; lastKnownFileType = sourcecode.c.c; path = sm4.c; sourceTree = "<group>"; };
		135AB3281FA1558900647374 /* GuomiDemo.app */ = {isa = PBXFileReference; explicitFileType = wrapper.application; includeInIndex = 0; path = GuomiDemo.app; sourceTree = BUILT_PRODUCTS_DIR; };
		135AB32B1FA1558900647374 /* AppDelegate.swift */ = {isa = PBXFileReference; lastKnownFileType = sourcecode.swift; path = AppDelegate.swift; sourceTree = "<group>"; };
		135AB32D1FA1558900647374 /* SM3ViewController.swift */ = {isa = PBXFileReference; lastKnownFileType = sourcecode.swift; path = SM3ViewController.swift; sourceTree = "<group>"; };
		135AB3301FA1558900647374 /* Base */ = {isa = PBXFileReference; lastKnownFileType = file.storyboard; name = Base; path = Base.lproj/Main.storyboard; sourceTree = "<group>"; };
		135AB3321FA1558900647374 /* Assets.xcassets */ = {isa = PBXFileReference; lastKnownFileType = folder.assetcatalog; path = Assets.xcassets; sourceTree = "<group>"; };
		135AB3351FA1558900647374 /* Base */ = {isa = PBXFileReference; lastKnownFileType = file.storyboard; name = Base; path = Base.lproj/LaunchScreen.storyboard; sourceTree = "<group>"; };
		135AB3371FA1558900647374 /* Info.plist */ = {isa = PBXFileReference; lastKnownFileType = text.plist.xml; path = Info.plist; sourceTree = "<group>"; };
		135AB3411FA1562400647374 /* libssl.a */ = {isa = PBXFileReference; lastKnownFileType = archive.ar; name = libssl.a; path = lib/libssl.a; sourceTree = "<group>"; };
		135AB3421FA1562400647374 /* libcrypto.a */ = {isa = PBXFileReference; lastKnownFileType = archive.ar; name = libcrypto.a; path = lib/libcrypto.a; sourceTree = "<group>"; };
		135AB3451FA156D700647374 /* GuomiDemo-Bridging-Header.h */ = {isa = PBXFileReference; lastKnownFileType = sourcecode.c.h; path = "GuomiDemo-Bridging-Header.h"; sourceTree = "<group>"; };
		13719E3B1FA1822D001A4381 /* part1.h */ = {isa = PBXFileReference; fileEncoding = 4; lastKnownFileType = sourcecode.c.h; path = part1.h; sourceTree = "<group>"; };
		13719E3C1FA1822D001A4381 /* sm3.h */ = {isa = PBXFileReference; fileEncoding = 4; lastKnownFileType = sourcecode.c.h; path = sm3.h; sourceTree = "<group>"; };
		13719E3D1FA1822E001A4381 /* part3.c */ = {isa = PBXFileReference; fileEncoding = 4; lastKnownFileType = sourcecode.c.c; path = part3.c; sourceTree = "<group>"; };
		13719E3E1FA1822E001A4381 /* part2.h */ = {isa = PBXFileReference; fileEncoding = 4; lastKnownFileType = sourcecode.c.h; path = part2.h; sourceTree = "<group>"; };
		13719E3F1FA1822E001A4381 /* util.c */ = {isa = PBXFileReference; fileEncoding = 4; lastKnownFileType = sourcecode.c.c; path = util.c; sourceTree = "<group>"; };
		13719E401FA1822E001A4381 /* part1.c */ = {isa = PBXFileReference; fileEncoding = 4; lastKnownFileType = sourcecode.c.c; path = part1.c; sourceTree = "<group>"; };
		13719E411FA1822E001A4381 /* ec_param.h */ = {isa = PBXFileReference; fileEncoding = 4; lastKnownFileType = sourcecode.c.h; path = ec_param.h; sourceTree = "<group>"; };
		13719E421FA1822E001A4381 /* part2.c */ = {isa = PBXFileReference; fileEncoding = 4; lastKnownFileType = sourcecode.c.c; path = part2.c; sourceTree = "<group>"; };
		13719E431FA1822F001A4381 /* part3.h */ = {isa = PBXFileReference; fileEncoding = 4; lastKnownFileType = sourcecode.c.h; path = part3.h; sourceTree = "<group>"; };
		13719E441FA1822F001A4381 /* xy_ecpoint.h */ = {isa = PBXFileReference; fileEncoding = 4; lastKnownFileType = sourcecode.c.h; path = xy_ecpoint.h; sourceTree = "<group>"; };
		13719E451FA1822F001A4381 /* sm2_common.h */ = {isa = PBXFileReference; fileEncoding = 4; lastKnownFileType = sourcecode.c.h; path = sm2_common.h; sourceTree = "<group>"; };
		13719E461FA1822F001A4381 /* part4.h */ = {isa = PBXFileReference; fileEncoding = 4; lastKnownFileType = sourcecode.c.h; path = part4.h; sourceTree = "<group>"; };
		13719E471FA18230001A4381 /* util.h */ = {isa = PBXFileReference; fileEncoding = 4; lastKnownFileType = sourcecode.c.h; path = util.h; sourceTree = "<group>"; };
		13719E481FA18230001A4381 /* sm3.c */ = {isa = PBXFileReference; fileEncoding = 4; lastKnownFileType = sourcecode.c.c; path = sm3.c; sourceTree = "<group>"; };
		13719E491FA18230001A4381 /* sm2_ec_key.c */ = {isa = PBXFileReference; fileEncoding = 4; lastKnownFileType = sourcecode.c.c; path = sm2_ec_key.c; sourceTree = "<group>"; };
		13719E4A1FA18230001A4381 /* sm2.c */ = {isa = PBXFileReference; fileEncoding = 4; lastKnownFileType = sourcecode.c.c; path = sm2.c; sourceTree = "<group>"; };
		13719E4B1FA18230001A4381 /* part4.c */ = {isa = PBXFileReference; fileEncoding = 4; lastKnownFileType = sourcecode.c.c; path = part4.c; sourceTree = "<group>"; };
		13719E4C1FA18231001A4381 /* sm2_ec_key.h */ = {isa = PBXFileReference; fileEncoding = 4; lastKnownFileType = sourcecode.c.h; path = sm2_ec_key.h; sourceTree = "<group>"; };
		13719E4D1FA18231001A4381 /* ec_param.c */ = {isa = PBXFileReference; fileEncoding = 4; lastKnownFileType = sourcecode.c.c; path = ec_param.c; sourceTree = "<group>"; };
		13719E4E1FA18231001A4381 /* sm2_test_param.c */ = {isa = PBXFileReference; fileEncoding = 4; lastKnownFileType = sourcecode.c.c; path = sm2_test_param.c; sourceTree = "<group>"; };
		13719E4F1FA18231001A4381 /* sm2_test_param.h */ = {isa = PBXFileReference; fileEncoding = 4; lastKnownFileType = sourcecode.c.h; path = sm2_test_param.h; sourceTree = "<group>"; };
		13719E501FA18231001A4381 /* sm2.h */ = {isa = PBXFileReference; fileEncoding = 4; lastKnownFileType = sourcecode.c.h; path = sm2.h; sourceTree = "<group>"; };
		13719E511FA18231001A4381 /* xy_ecpoint.c */ = {isa = PBXFileReference; fileEncoding = 4; lastKnownFileType = sourcecode.c.c; path = xy_ecpoint.c; sourceTree = "<group>"; };
		13B59F051FA392FE00DCCD9C /* SM4ViewController.swift */ = {isa = PBXFileReference; lastKnownFileType = sourcecode.swift; path = SM4ViewController.swift; sourceTree = "<group>"; };
		13B59F071FA393F600DCCD9C /* CharacterConversionToolViewController.swift */ = {isa = PBXFileReference; lastKnownFileType = sourcecode.swift; path = CharacterConversionToolViewController.swift; sourceTree = "<group>"; };
		13B59F091FA4AF6000DCCD9C /* SMMenuViewController.swift */ = {isa = PBXFileReference; lastKnownFileType = sourcecode.swift; path = SMMenuViewController.swift; sourceTree = "<group>"; };
/* End PBXFileReference section */

/* Begin PBXFrameworksBuildPhase section */
		135AB3251FA1558900647374 /* Frameworks */ = {
			isa = PBXFrameworksBuildPhase;
			buildActionMask = 2147483647;
			files = (
				135AB3441FA1562400647374 /* libcrypto.a in Frameworks */,
				135AB3431FA1562400647374 /* libssl.a in Frameworks */,
			);
			runOnlyForDeploymentPostprocessing = 0;
		};
/* End PBXFrameworksBuildPhase section */

/* Begin PBXGroup section */
		135AB31F1FA1558900647374 = {
			isa = PBXGroup;
			children = (
				135AB32A1FA1558900647374 /* GuomiDemo */,
				13719E5E1FA1B1D7001A4381 /* sm */,
				135AB3401FA155FB00647374 /* Frameworks */,
				135AB3291FA1558900647374 /* Products */,
			);
			sourceTree = "<group>";
		};
		135AB3291FA1558900647374 /* Products */ = {
			isa = PBXGroup;
			children = (
				135AB3281FA1558900647374 /* GuomiDemo.app */,
			);
			name = Products;
			sourceTree = "<group>";
		};
		135AB32A1FA1558900647374 /* GuomiDemo */ = {
			isa = PBXGroup;
			children = (
				13B59F091FA4AF6000DCCD9C /* SMMenuViewController.swift */,
				134FD0A51FA2A6D20006EE5F /* SM2ViewController.swift */,
				135AB32D1FA1558900647374 /* SM3ViewController.swift */,
				13B59F051FA392FE00DCCD9C /* SM4ViewController.swift */,
				13B59F071FA393F600DCCD9C /* CharacterConversionToolViewController.swift */,
				135AB32F1FA1558900647374 /* Main.storyboard */,
				135AB3321FA1558900647374 /* Assets.xcassets */,
				135AB3371FA1558900647374 /* Info.plist */,
				134FD0A71FA2FD310006EE5F /* CString.swift */,
				135AB3451FA156D700647374 /* GuomiDemo-Bridging-Header.h */,
				135AB33D1FA155CF00647374 /* Supporting Files */,
			);
			path = GuomiDemo;
			sourceTree = "<group>";
		};
		135AB33D1FA155CF00647374 /* Supporting Files */ = {
			isa = PBXGroup;
			children = (
				135AB32B1FA1558900647374 /* AppDelegate.swift */,
				135AB3341FA1558900647374 /* LaunchScreen.storyboard */,
			);
			path = "Supporting Files";
			sourceTree = "<group>";
		};
		135AB3401FA155FB00647374 /* Frameworks */ = {
			isa = PBXGroup;
			children = (
				135AB3421FA1562400647374 /* libcrypto.a */,
				135AB3411FA1562400647374 /* libssl.a */,
			);
			name = Frameworks;
			sourceTree = "<group>";
		};
		13719E5E1FA1B1D7001A4381 /* sm */ = {
			isa = PBXGroup;
			children = (
				134FD0A31FA1B9900006EE5F /* GuomiInterface.h */,
				134FD0A21FA1B9900006EE5F /* GuomiInterface.c */,
				13719E4D1FA18231001A4381 /* ec_param.c */,
				13719E411FA1822E001A4381 /* ec_param.h */,
				13719E401FA1822E001A4381 /* part1.c */,
				13719E3B1FA1822D001A4381 /* part1.h */,
				13719E421FA1822E001A4381 /* part2.c */,
				13719E3E1FA1822E001A4381 /* part2.h */,
				13719E3D1FA1822E001A4381 /* part3.c */,
				13719E431FA1822F001A4381 /* part3.h */,
				13719E4B1FA18230001A4381 /* part4.c */,
				13719E461FA1822F001A4381 /* part4.h */,
				13719E451FA1822F001A4381 /* sm2_common.h */,
				13719E491FA18230001A4381 /* sm2_ec_key.c */,
				13719E4C1FA18231001A4381 /* sm2_ec_key.h */,
				13719E4E1FA18231001A4381 /* sm2_test_param.c */,
				13719E4F1FA18231001A4381 /* sm2_test_param.h */,
				13719E4A1FA18230001A4381 /* sm2.c */,
				13719E501FA18231001A4381 /* sm2.h */,
				13719E481FA18230001A4381 /* sm3.c */,
				13719E3C1FA1822D001A4381 /* sm3.h */,
				134FD0C81FA3247C0006EE5F /* sm4.c */,
				134FD0C71FA3247C0006EE5F /* sm4.h */,
				134FD0C51FA3247B0006EE5F /* sm4test.c */,
				13719E3F1FA1822E001A4381 /* util.c */,
				13719E471FA18230001A4381 /* util.h */,
				13719E511FA18231001A4381 /* xy_ecpoint.c */,
				13719E441FA1822F001A4381 /* xy_ecpoint.h */,
			);
			path = sm;
			sourceTree = "<group>";
		};
/* End PBXGroup section */

/* Begin PBXNativeTarget section */
		135AB3271FA1558900647374 /* GuomiDemo */ = {
			isa = PBXNativeTarget;
			buildConfigurationList = 135AB33A1FA1558900647374 /* Build configuration list for PBXNativeTarget "GuomiDemo" */;
			buildPhases = (
				135AB3241FA1558900647374 /* Sources */,
				135AB3251FA1558900647374 /* Frameworks */,
				135AB3261FA1558900647374 /* Resources */,
			);
			buildRules = (
			);
			dependencies = (
			);
			name = GuomiDemo;
			productName = GuomiDemo;
			productReference = 135AB3281FA1558900647374 /* GuomiDemo.app */;
			productType = "com.apple.product-type.application";
		};
/* End PBXNativeTarget section */

/* Begin PBXProject section */
		135AB3201FA1558900647374 /* Project object */ = {
			isa = PBXProject;
			attributes = {
				LastSwiftUpdateCheck = 0900;
				LastUpgradeCheck = 0900;
				ORGANIZATIONNAME = "狗吃草";
				TargetAttributes = {
					135AB3271FA1558900647374 = {
						CreatedOnToolsVersion = 9.0.1;
						ProvisioningStyle = Automatic;
					};
				};
			};
			buildConfigurationList = 135AB3231FA1558900647374 /* Build configuration list for PBXProject "GuomiDemo" */;
			compatibilityVersion = "Xcode 8.0";
			developmentRegion = en;
			hasScannedForEncodings = 0;
			knownRegions = (
				en,
				Base,
			);
			mainGroup = 135AB31F1FA1558900647374;
			productRefGroup = 135AB3291FA1558900647374 /* Products */;
			projectDirPath = "";
			projectRoot = "";
			targets = (
				135AB3271FA1558900647374 /* GuomiDemo */,
			);
		};
/* End PBXProject section */

/* Begin PBXResourcesBuildPhase section */
		135AB3261FA1558900647374 /* Resources */ = {
			isa = PBXResourcesBuildPhase;
			buildActionMask = 2147483647;
			files = (
				135AB3361FA1558900647374 /* LaunchScreen.storyboard in Resources */,
				135AB3331FA1558900647374 /* Assets.xcassets in Resources */,
				135AB3311FA1558900647374 /* Main.storyboard in Resources */,
			);
			runOnlyForDeploymentPostprocessing = 0;
		};
/* End PBXResourcesBuildPhase section */

/* Begin PBXSourcesBuildPhase section */
		135AB3241FA1558900647374 /* Sources */ = {
			isa = PBXSourcesBuildPhase;
			buildActionMask = 2147483647;
			files = (
				13719E571FA18232001A4381 /* sm2_ec_key.c in Sources */,
				13B59F061FA392FE00DCCD9C /* SM4ViewController.swift in Sources */,
				13719E541FA18232001A4381 /* part1.c in Sources */,
				134FD0A81FA2FD310006EE5F /* CString.swift in Sources */,
				13719E561FA18232001A4381 /* sm3.c in Sources */,
				13719E5B1FA18232001A4381 /* sm2_test_param.c in Sources */,
				13B59F081FA393F600DCCD9C /* CharacterConversionToolViewController.swift in Sources */,
				13719E531FA18232001A4381 /* util.c in Sources */,
				13719E581FA18232001A4381 /* sm2.c in Sources */,
				13719E591FA18232001A4381 /* part4.c in Sources */,
				13719E551FA18232001A4381 /* part2.c in Sources */,
				134FD0C91FA3247C0006EE5F /* sm4test.c in Sources */,
				135AB32E1FA1558900647374 /* SM3ViewController.swift in Sources */,
				134FD0A41FA1B9900006EE5F /* GuomiInterface.c in Sources */,
				134FD0CB1FA3247C0006EE5F /* sm4.c in Sources */,
				13719E521FA18232001A4381 /* part3.c in Sources */,
				135AB32C1FA1558900647374 /* AppDelegate.swift in Sources */,
				13B59F0A1FA4AF6000DCCD9C /* SMMenuViewController.swift in Sources */,
				13719E5A1FA18232001A4381 /* ec_param.c in Sources */,
				13719E5C1FA18232001A4381 /* xy_ecpoint.c in Sources */,
				134FD0A61FA2A6D20006EE5F /* SM2ViewController.swift in Sources */,
			);
			runOnlyForDeploymentPostprocessing = 0;
		};
/* End PBXSourcesBuildPhase section */

/* Begin PBXVariantGroup section */
		135AB32F1FA1558900647374 /* Main.storyboard */ = {
			isa = PBXVariantGroup;
			children = (
				135AB3301FA1558900647374 /* Base */,
			);
			name = Main.storyboard;
			sourceTree = "<group>";
		};
		135AB3341FA1558900647374 /* LaunchScreen.storyboard */ = {
			isa = PBXVariantGroup;
			children = (
				135AB3351FA1558900647374 /* Base */,
			);
			name = LaunchScreen.storyboard;
			sourceTree = "<group>";
		};
/* End PBXVariantGroup section */

/* Begin XCBuildConfiguration section */
		135AB3381FA1558900647374 /* Debug */ = {
			isa = XCBuildConfiguration;
			buildSettings = {
				ALWAYS_SEARCH_USER_PATHS = NO;
				CLANG_ANALYZER_NONNULL = YES;
				CLANG_ANALYZER_NUMBER_OBJECT_CONVERSION = YES_AGGRESSIVE;
				CLANG_CXX_LANGUAGE_STANDARD = "gnu++14";
				CLANG_CXX_LIBRARY = "libc++";
				CLANG_ENABLE_MODULES = YES;
				CLANG_ENABLE_OBJC_ARC = YES;
				CLANG_WARN_BLOCK_CAPTURE_AUTORELEASING = YES;
				CLANG_WARN_BOOL_CONVERSION = YES;
				CLANG_WARN_COMMA = YES;
				CLANG_WARN_CONSTANT_CONVERSION = YES;
				CLANG_WARN_DIRECT_OBJC_ISA_USAGE = YES_ERROR;
				CLANG_WARN_DOCUMENTATION_COMMENTS = YES;
				CLANG_WARN_EMPTY_BODY = YES;
				CLANG_WARN_ENUM_CONVERSION = YES;
				CLANG_WARN_INFINITE_RECURSION = YES;
				CLANG_WARN_INT_CONVERSION = YES;
				CLANG_WARN_NON_LITERAL_NULL_CONVERSION = YES;
				CLANG_WARN_OBJC_LITERAL_CONVERSION = YES;
				CLANG_WARN_OBJC_ROOT_CLASS = YES_ERROR;
				CLANG_WARN_RANGE_LOOP_ANALYSIS = YES;
				CLANG_WARN_STRICT_PROTOTYPES = YES;
				CLANG_WARN_SUSPICIOUS_MOVE = YES;
				CLANG_WARN_UNGUARDED_AVAILABILITY = YES_AGGRESSIVE;
				CLANG_WARN_UNREACHABLE_CODE = YES;
				CLANG_WARN__DUPLICATE_METHOD_MATCH = YES;
				CODE_SIGN_IDENTITY = "iPhone Developer";
				COPY_PHASE_STRIP = NO;
				DEBUG_INFORMATION_FORMAT = dwarf;
				ENABLE_STRICT_OBJC_MSGSEND = YES;
				ENABLE_TESTABILITY = YES;
				GCC_C_LANGUAGE_STANDARD = gnu11;
				GCC_DYNAMIC_NO_PIC = NO;
				GCC_NO_COMMON_BLOCKS = YES;
				GCC_OPTIMIZATION_LEVEL = 0;
				GCC_PREPROCESSOR_DEFINITIONS = (
					"DEBUG=1",
					"$(inherited)",
				);
				GCC_WARN_64_TO_32_BIT_CONVERSION = YES;
				GCC_WARN_ABOUT_RETURN_TYPE = YES_ERROR;
				GCC_WARN_UNDECLARED_SELECTOR = YES;
				GCC_WARN_UNINITIALIZED_AUTOS = YES_AGGRESSIVE;
				GCC_WARN_UNUSED_FUNCTION = YES;
				GCC_WARN_UNUSED_VARIABLE = YES;
				IPHONEOS_DEPLOYMENT_TARGET = 11.0;
				MTL_ENABLE_DEBUG_INFO = YES;
				ONLY_ACTIVE_ARCH = YES;
				SDKROOT = iphoneos;
				SWIFT_ACTIVE_COMPILATION_CONDITIONS = DEBUG;
				SWIFT_OPTIMIZATION_LEVEL = "-Onone";
			};
			name = Debug;
		};
		135AB3391FA1558900647374 /* Release */ = {
			isa = XCBuildConfiguration;
			buildSettings = {
				ALWAYS_SEARCH_USER_PATHS = NO;
				CLANG_ANALYZER_NONNULL = YES;
				CLANG_ANALYZER_NUMBER_OBJECT_CONVERSION = YES_AGGRESSIVE;
				CLANG_CXX_LANGUAGE_STANDARD = "gnu++14";
				CLANG_CXX_LIBRARY = "libc++";
				CLANG_ENABLE_MODULES = YES;
				CLANG_ENABLE_OBJC_ARC = YES;
				CLANG_WARN_BLOCK_CAPTURE_AUTORELEASING = YES;
				CLANG_WARN_BOOL_CONVERSION = YES;
				CLANG_WARN_COMMA = YES;
				CLANG_WARN_CONSTANT_CONVERSION = YES;
				CLANG_WARN_DIRECT_OBJC_ISA_USAGE = YES_ERROR;
				CLANG_WARN_DOCUMENTATION_COMMENTS = YES;
				CLANG_WARN_EMPTY_BODY = YES;
				CLANG_WARN_ENUM_CONVERSION = YES;
				CLANG_WARN_INFINITE_RECURSION = YES;
				CLANG_WARN_INT_CONVERSION = YES;
				CLANG_WARN_NON_LITERAL_NULL_CONVERSION = YES;
				CLANG_WARN_OBJC_LITERAL_CONVERSION = YES;
				CLANG_WARN_OBJC_ROOT_CLASS = YES_ERROR;
				CLANG_WARN_RANGE_LOOP_ANALYSIS = YES;
				CLANG_WARN_STRICT_PROTOTYPES = YES;
				CLANG_WARN_SUSPICIOUS_MOVE = YES;
				CLANG_WARN_UNGUARDED_AVAILABILITY = YES_AGGRESSIVE;
				CLANG_WARN_UNREACHABLE_CODE = YES;
				CLANG_WARN__DUPLICATE_METHOD_MATCH = YES;
				CODE_SIGN_IDENTITY = "iPhone Developer";
				COPY_PHASE_STRIP = NO;
				DEBUG_INFORMATION_FORMAT = "dwarf-with-dsym";
				ENABLE_NS_ASSERTIONS = NO;
				ENABLE_STRICT_OBJC_MSGSEND = YES;
				GCC_C_LANGUAGE_STANDARD = gnu11;
				GCC_NO_COMMON_BLOCKS = YES;
				GCC_WARN_64_TO_32_BIT_CONVERSION = YES;
				GCC_WARN_ABOUT_RETURN_TYPE = YES_ERROR;
				GCC_WARN_UNDECLARED_SELECTOR = YES;
				GCC_WARN_UNINITIALIZED_AUTOS = YES_AGGRESSIVE;
				GCC_WARN_UNUSED_FUNCTION = YES;
				GCC_WARN_UNUSED_VARIABLE = YES;
				IPHONEOS_DEPLOYMENT_TARGET = 11.0;
				MTL_ENABLE_DEBUG_INFO = NO;
				SDKROOT = iphoneos;
				SWIFT_OPTIMIZATION_LEVEL = "-Owholemodule";
				VALIDATE_PRODUCT = YES;
			};
			name = Release;
		};
		135AB33B1FA1558900647374 /* Debug */ = {
			isa = XCBuildConfiguration;
			buildSettings = {
				ASSETCATALOG_COMPILER_APPICON_NAME = AppIcon;
				CODE_SIGN_STYLE = Automatic;
				DEVELOPMENT_TEAM = T5S9EB867D;
				HEADER_SEARCH_PATHS = "include/**";
				INFOPLIST_FILE = GuomiDemo/Info.plist;
				LD_RUNPATH_SEARCH_PATHS = "$(inherited) @executable_path/Frameworks";
				LIBRARY_SEARCH_PATHS = (
					"$(inherited)",
					"$(PROJECT_DIR)/lib",
				);
				PRODUCT_BUNDLE_IDENTIFIER = com.gouchicao.GuomiDemo;
				PRODUCT_NAME = "$(TARGET_NAME)";
				SWIFT_OBJC_BRIDGING_HEADER = "GuomiDemo/GuomiDemo-Bridging-Header.h";
				SWIFT_VERSION = 4.0;
				TARGETED_DEVICE_FAMILY = "1,2";
			};
			name = Debug;
		};
		135AB33C1FA1558900647374 /* Release */ = {
			isa = XCBuildConfiguration;
			buildSettings = {
				ASSETCATALOG_COMPILER_APPICON_NAME = AppIcon;
				CODE_SIGN_STYLE = Automatic;
				DEVELOPMENT_TEAM = T5S9EB867D;
				HEADER_SEARCH_PATHS = "include/**";
				INFOPLIST_FILE = GuomiDemo/Info.plist;
				LD_RUNPATH_SEARCH_PATHS = "$(inherited) @executable_path/Frameworks";
				LIBRARY_SEARCH_PATHS = (
					"$(inherited)",
					"$(PROJECT_DIR)/lib",
				);
				PRODUCT_BUNDLE_IDENTIFIER = com.gouchicao.GuomiDemo;
				PRODUCT_NAME = "$(TARGET_NAME)";
				SWIFT_OBJC_BRIDGING_HEADER = "GuomiDemo/GuomiDemo-Bridging-Header.h";
				SWIFT_VERSION = 4.0;
				TARGETED_DEVICE_FAMILY = "1,2";
			};
			name = Release;
		};
/* End XCBuildConfiguration section */

/* Begin XCConfigurationList section */
		135AB3231FA1558900647374 /* Build configuration list for PBXProject "GuomiDemo" */ = {
			isa = XCConfigurationList;
			buildConfigurations = (
				135AB3381FA1558900647374 /* Debug */,
				135AB3391FA1558900647374 /* Release */,
			);
			defaultConfigurationIsVisible = 0;
			defaultConfigurationName = Release;
		};
		135AB33A1FA1558900647374 /* Build configuration list for PBXNativeTarget "GuomiDemo" */ = {
			isa = XCConfigurationList;
			buildConfigurations = (
				135AB33B1FA1558900647374 /* Debug */,
				135AB33C1FA1558900647374 /* Release */,
			);
			defaultConfigurationIsVisible = 0;
			defaultConfigurationName = Release;
		};
/* End XCConfigurationList section */
	};
	rootObject = 135AB3201FA1558900647374 /* Project object */;
}
